
Microsoft Visual Studio Solution File, Format Version 12.00
# Visual Studio Version 16
VisualStudioVersion = 16.0.29728.190
MinimumVisualStudioVersion = 10.0.40219.1
Project("{FAE04EC0-301F-11D3-BF4B-00C04F79EFBC}") = "NS_HNB_Client", "NS_HNB_Client\NS_HNB_Client.csproj", "{DB3F9D5D-E004-439A-B0B0-285277E72AAF}"
EndProject
Project("{9A19103F-16F7-4668-BE54-9A1E7A4F7556}") = "NS_HNB_intergration", "NS_HNB_Integration\NS_HNB_intergration.csproj", "{BB231E66-A662-4E75-B404-DDEC6B26F13E}"
EndProject
Project("{FAE04EC0-301F-11D3-BF4B-00C04F79EFBC}") = "HNB_Models", "HNB_Models\HNB_Models.csproj", "{EDF76539-FB93-4917-8144-EF0D9BEDE91D}"
EndProject
Global
	GlobalSection(SolutionConfigurationPlatforms) = preSolution
		Debug|Any CPU = Debug|Any CPU
		Release|Any CPU = Release|Any CPU
	EndGlobalSection
	GlobalSection(ProjectConfigurationPlatforms) = postSolution
		{DB3F9D5D-E004-439A-B0B0-285277E72AAF}.Debug|Any CPU.ActiveCfg = Debug|Any CPU
		{DB3F9D5D-E004-439A-B0B0-285277E72AAF}.Debug|Any CPU.Build.0 = Debug|Any CPU
		{DB3F9D5D-E004-439A-B0B0-285277E72AAF}.Release|Any CPU.ActiveCfg = Release|Any CPU
		{DB3F9D5D-E004-439A-B0B0-285277E72AAF}.Release|Any CPU.Build.0 = Release|Any CPU
		{BB231E66-A662-4E75-B404-DDEC6B26F13E}.Debug|Any CPU.ActiveCfg = Debug|Any CPU
		{BB231E66-A662-4E75-B404-DDEC6B26F13E}.Debug|Any CPU.Build.0 = Debug|Any CPU
		{BB231E66-A662-4E75-B404-DDEC6B26F13E}.Release|Any CPU.ActiveCfg = Release|Any CPU
		{BB231E66-A662-4E75-B404-DDEC6B26F13E}.Release|Any CPU.Build.0 = Release|Any CPU
		{EDF76539-FB93-4917-8144-EF0D9BEDE91D}.Debug|Any CPU.ActiveCfg = Debug|Any CPU
		{EDF76539-FB93-4917-8144-EF0D9BEDE91D}.Debug|Any CPU.Build.0 = Debug|Any CPU
		{EDF76539-FB93-4917-8144-EF0D9BEDE91D}.Release|Any CPU.ActiveCfg = Release|Any CPU
		{EDF76539-FB93-4917-8144-EF0D9BEDE91D}.Release|Any CPU.Build.0 = Release|Any CPU
	EndGlobalSection
	GlobalSection(SolutionProperties) = preSolution
		HideSolutionNode = FALSE
	EndGlobalSection
	GlobalSection(ExtensibilityGlobals) = postSolution
		SolutionGuid = {1DC2703A-7D40-4A3B-8851-3A92F7ACCC40}
	EndGlobalSection
EndGlobal
